
Microsoft Visual Studio Solution File, Format Version 12.00
# Visual Studio Version 17
VisualStudioVersion = 17.8.34525.116
MinimumVisualStudioVersion = 10.0.40219.1
Project("{888888A0-9F3D-457C-B088-3A5042F75D52}") = "Otto_business", "Otto_business.pyproj", "{0105F6DE-4E83-4FC3-A0A9-10249983FC77}"
EndProject
Global
	GlobalSection(SolutionConfigurationPlatforms) = preSolution
		Debug|Any CPU = Debug|Any CPU
		Release|Any CPU = Release|Any CPU
	EndGlobalSection
	GlobalSection(ProjectConfigurationPlatforms) = postSolution
		{0105F6DE-4E83-4FC3-A0A9-10249983FC77}.Debug|Any CPU.ActiveCfg = Debug|Any CPU
		{0105F6DE-4E83-4FC3-A0A9-10249983FC77}.Release|Any CPU.ActiveCfg = Release|Any CPU
	EndGlobalSection
	GlobalSection(SolutionProperties) = preSolution
		HideSolutionNode = FALSE
	EndGlobalSection
	GlobalSection(ExtensibilityGlobals) = postSolution
		SolutionGuid = {603753D0-ED1D-44E7-9015-09375AA759AD}
	EndGlobalSection
EndGlobal
